// !$*UTF8*$!
{
	archiveVersion = 1;
	classes = {
	};
	objectVersion = 46;
	objects = {

/* Begin PBXBuildFile section */
		C8F8DCEE9A610E06EBB4890F /* Pods_sample.framework in Frameworks */ = {isa = PBXBuildFile; fileRef = BA7FB2EB0A5174E5C6C27883 /* Pods_sample.framework */; };
		E91779B91F31083500D14D31 /* SignUpViewController.swift in Sources */ = {isa = PBXBuildFile; fileRef = E91779B81F31083500D14D31 /* SignUpViewController.swift */; };
		E9D79FC61F30F7EA004C99EC /* AppDelegate.swift in Sources */ = {isa = PBXBuildFile; fileRef = E9D79FC51F30F7EA004C99EC /* AppDelegate.swift */; };
		E9D79FC81F30F7EA004C99EC /* ViewController.swift in Sources */ = {isa = PBXBuildFile; fileRef = E9D79FC71F30F7EA004C99EC /* ViewController.swift */; };
		E9D79FCB1F30F7EA004C99EC /* Main.storyboard in Resources */ = {isa = PBXBuildFile; fileRef = E9D79FC91F30F7EA004C99EC /* Main.storyboard */; };
		E9D79FCD1F30F7EA004C99EC /* Assets.xcassets in Resources */ = {isa = PBXBuildFile; fileRef = E9D79FCC1F30F7EA004C99EC /* Assets.xcassets */; };
		E9D79FD01F30F7EA004C99EC /* LaunchScreen.storyboard in Resources */ = {isa = PBXBuildFile; fileRef = E9D79FCE1F30F7EA004C99EC /* LaunchScreen.storyboard */; };
/* End PBXBuildFile section */

/* Begin PBXFileReference section */
		7FC957F3A426ABCDD47E30B6 /* Pods-sample.debug.xcconfig */ = {isa = PBXFileReference; includeInIndex = 1; lastKnownFileType = text.xcconfig; name = "Pods-sample.debug.xcconfig"; path = "Pods/Target Support Files/Pods-sample/Pods-sample.debug.xcconfig"; sourceTree = "<group>"; };
		BA7FB2EB0A5174E5C6C27883 /* Pods_sample.framework */ = {isa = PBXFileReference; explicitFileType = wrapper.framework; includeInIndex = 0; path = Pods_sample.framework; sourceTree = BUILT_PRODUCTS_DIR; };
		E91779B81F31083500D14D31 /* SignUpViewController.swift */ = {isa = PBXFileReference; fileEncoding = 4; lastKnownFileType = sourcecode.swift; path = SignUpViewController.swift; sourceTree = "<group>"; };
		E9D79FC21F30F7EA004C99EC /* sample.app */ = {isa = PBXFileReference; explicitFileType = wrapper.application; includeInIndex = 0; path = sample.app; sourceTree = BUILT_PRODUCTS_DIR; };
		E9D79FC51F30F7EA004C99EC /* AppDelegate.swift */ = {isa = PBXFileReference; lastKnownFileType = sourcecode.swift; path = AppDelegate.swift; sourceTree = "<group>"; };
		E9D79FC71F30F7EA004C99EC /* ViewController.swift */ = {isa = PBXFileReference; lastKnownFileType = sourcecode.swift; path = ViewController.swift; sourceTree = "<group>"; };
		E9D79FCA1F30F7EA004C99EC /* Base */ = {isa = PBXFileReference; lastKnownFileType = file.storyboard; name = Base; path = Base.lproj/Main.storyboard; sourceTree = "<group>"; };
		E9D79FCC1F30F7EA004C99EC /* Assets.xcassets */ = {isa = PBXFileReference; lastKnownFileType = folder.assetcatalog; path = Assets.xcassets; sourceTree = "<group>"; };
		E9D79FCF1F30F7EA004C99EC /* Base */ = {isa = PBXFileReference; lastKnownFileType = file.storyboard; name = Base; path = Base.lproj/LaunchScreen.storyboard; sourceTree = "<group>"; };
		E9D79FD11F30F7EA004C99EC /* Info.plist */ = {isa = PBXFileReference; lastKnownFileType = text.plist.xml; path = Info.plist; sourceTree = "<group>"; };
		EB29F35DC0A7E77AC0B2E5DC /* Pods-sample.release.xcconfig */ = {isa = PBXFileReference; includeInIndex = 1; lastKnownFileType = text.xcconfig; name = "Pods-sample.release.xcconfig"; path = "Pods/Target Support Files/Pods-sample/Pods-sample.release.xcconfig"; sourceTree = "<group>"; };
/* End PBXFileReference section */

/* Begin PBXFrameworksBuildPhase section */
		E9D79FBF1F30F7EA004C99EC /* Frameworks */ = {
			isa = PBXFrameworksBuildPhase;
			buildActionMask = 2147483647;
			files = (
				C8F8DCEE9A610E06EBB4890F /* Pods_sample.framework in Frameworks */,
			);
			runOnlyForDeploymentPostprocessing = 0;
		};
/* End PBXFrameworksBuildPhase section */

/* Begin PBXGroup section */
		0E325BC74120D7262948E380 /* Pods */ = {
			isa = PBXGroup;
			children = (
				7FC957F3A426ABCDD47E30B6 /* Pods-sample.debug.xcconfig */,
				EB29F35DC0A7E77AC0B2E5DC /* Pods-sample.release.xcconfig */,
			);
			name = Pods;
			sourceTree = "<group>";
		};
		A1E7485CDF59840E2EB63DB1 /* Frameworks */ = {
			isa = PBXGroup;
			children = (
				BA7FB2EB0A5174E5C6C27883 /* Pods_sample.framework */,
			);
			name = Frameworks;
			sourceTree = "<group>";
		};
		E9D79FB91F30F7EA004C99EC = {
			isa = PBXGroup;
			children = (
				E9D79FC41F30F7EA004C99EC /* sample */,
				E9D79FC31F30F7EA004C99EC /* Products */,
				0E325BC74120D7262948E380 /* Pods */,
				A1E7485CDF59840E2EB63DB1 /* Frameworks */,
			);
			sourceTree = "<group>";
		};
		E9D79FC31F30F7EA004C99EC /* Products */ = {
			isa = PBXGroup;
			children = (
				E9D79FC21F30F7EA004C99EC /* sample.app */,
			);
			name = Products;
			sourceTree = "<group>";
		};
		E9D79FC41F30F7EA004C99EC /* sample */ = {
			isa = PBXGroup;
			children = (
				E9D79FC51F30F7EA004C99EC /* AppDelegate.swift */,
				E9D79FC71F30F7EA004C99EC /* ViewController.swift */,
				E9D79FC91F30F7EA004C99EC /* Main.storyboard */,
				E9D79FCC1F30F7EA004C99EC /* Assets.xcassets */,
				E9D79FCE1F30F7EA004C99EC /* LaunchScreen.storyboard */,
				E9D79FD11F30F7EA004C99EC /* Info.plist */,
				E91779B81F31083500D14D31 /* SignUpViewController.swift */,
			);
			path = sample;
			sourceTree = "<group>";
		};
/* End PBXGroup section */

/* Begin PBXNativeTarget section */
		E9D79FC11F30F7EA004C99EC /* sample */ = {
			isa = PBXNativeTarget;
			buildConfigurationList = E9D79FD41F30F7EA004C99EC /* Build configuration list for PBXNativeTarget "sample" */;
			buildPhases = (
				36506C464418E3FB25540A11 /* [CP] Check Pods Manifest.lock */,
				E9D79FBE1F30F7EA004C99EC /* Sources */,
				E9D79FBF1F30F7EA004C99EC /* Frameworks */,
				E9D79FC01F30F7EA004C99EC /* Resources */,
				4B795B8C851B08F92EDB0EC6 /* [CP] Embed Pods Frameworks */,
				4D31C7CE2329C764D28236DD /* [CP] Copy Pods Resources */,
			);
			buildRules = (
			);
			dependencies = (
			);
			name = sample;
			productName = sample;
			productReference = E9D79FC21F30F7EA004C99EC /* sample.app */;
			productType = "com.apple.product-type.application";
		};
/* End PBXNativeTarget section */

/* Begin PBXProject section */
		E9D79FBA1F30F7EA004C99EC /* Project object */ = {
			isa = PBXProject;
			attributes = {
				LastSwiftUpdateCheck = 0800;
				LastUpgradeCheck = 0800;
				ORGANIZATIONNAME = Home;
				TargetAttributes = {
					E9D79FC11F30F7EA004C99EC = {
						CreatedOnToolsVersion = 8.0;
						ProvisioningStyle = Automatic;
					};
				};
			};
			buildConfigurationList = E9D79FBD1F30F7EA004C99EC /* Build configuration list for PBXProject "sample" */;
			compatibilityVersion = "Xcode 3.2";
			developmentRegion = English;
			hasScannedForEncodings = 0;
			knownRegions = (
				en,
				Base,
			);
			mainGroup = E9D79FB91F30F7EA004C99EC;
			productRefGroup = E9D79FC31F30F7EA004C99EC /* Products */;
			projectDirPath = "";
			projectRoot = "";
			targets = (
				E9D79FC11F30F7EA004C99EC /* sample */,
			);
		};
/* End PBXProject section */

/* Begin PBXResourcesBuildPhase section */
		E9D79FC01F30F7EA004C99EC /* Resources */ = {
			isa = PBXResourcesBuildPhase;
			buildActionMask = 2147483647;
			files = (
				E9D79FD01F30F7EA004C99EC /* LaunchScreen.storyboard in Resources */,
				E9D79FCD1F30F7EA004C99EC /* Assets.xcassets in Resources */,
				E9D79FCB1F30F7EA004C99EC /* Main.storyboard in Resources */,
			);
			runOnlyForDeploymentPostprocessing = 0;
		};
/* End PBXResourcesBuildPhase section */

/* Begin PBXShellScriptBuildPhase section */
		36506C464418E3FB25540A11 /* [CP] Check Pods Manifest.lock */ = {
			isa = PBXShellScriptBuildPhase;
			buildActionMask = 2147483647;
			files = (
			);
			inputPaths = (
			);
			name = "[CP] Check Pods Manifest.lock";
			outputPaths = (
			);
			runOnlyForDeploymentPostprocessing = 0;
			shellPath = /bin/sh;
			shellScript = "diff \"${PODS_PODFILE_DIR_PATH}/Podfile.lock\" \"${PODS_ROOT}/Manifest.lock\" > /dev/null\nif [ $? != 0 ] ; then\n    # print error to STDERR\n    echo \"error: The sandbox is not in sync with the Podfile.lock. Run 'pod install' or update your CocoaPods installation.\" >&2\n    exit 1\nfi\n";
			showEnvVarsInLog = 0;
		};
		4B795B8C851B08F92EDB0EC6 /* [CP] Embed Pods Frameworks */ = {
			isa = PBXShellScriptBuildPhase;
			buildActionMask = 2147483647;
			files = (
			);
			inputPaths = (
			);
			name = "[CP] Embed Pods Frameworks";
			outputPaths = (
			);
			runOnlyForDeploymentPostprocessing = 0;
			shellPath = /bin/sh;
			shellScript = "\"${SRCROOT}/Pods/Target Support Files/Pods-sample/Pods-sample-frameworks.sh\"\n";
			showEnvVarsInLog = 0;
		};
		4D31C7CE2329C764D28236DD /* [CP] Copy Pods Resources */ = {
			isa = PBXShellScriptBuildPhase;
			buildActionMask = 2147483647;
			files = (
			);
			inputPaths = (
			);
			name = "[CP] Copy Pods Resources";
			outputPaths = (
			);
			runOnlyForDeploymentPostprocessing = 0;
			shellPath = /bin/sh;
			shellScript = "\"${SRCROOT}/Pods/Target Support Files/Pods-sample/Pods-sample-resources.sh\"\n";
			showEnvVarsInLog = 0;
		};
/* End PBXShellScriptBuildPhase section */

/* Begin PBXSourcesBuildPhase section */
		E9D79FBE1F30F7EA004C99EC /* Sources */ = {
			isa = PBXSourcesBuildPhase;
			buildActionMask = 2147483647;
			files = (
				E91779B91F31083500D14D31 /* SignUpViewController.swift in Sources */,
				E9D79FC81F30F7EA004C99EC /* ViewController.swift in Sources */,
				E9D79FC61F30F7EA004C99EC /* AppDelegate.swift in Sources */,
			);
			runOnlyForDeploymentPostprocessing = 0;
		};
/* End PBXSourcesBuildPhase section */

/* Begin PBXVariantGroup section */
		E9D79FC91F30F7EA004C99EC /* Main.storyboard */ = {
			isa = PBXVariantGroup;
			children = (
				E9D79FCA1F30F7EA004C99EC /* Base */,
			);
			name = Main.storyboard;
			sourceTree = "<group>";
		};
		E9D79FCE1F30F7EA004C99EC /* LaunchScreen.storyboard */ = {
			isa = PBXVariantGroup;
			children = (
				E9D79FCF1F30F7EA004C99EC /* Base */,
			);
			name = LaunchScreen.storyboard;
			sourceTree = "<group>";
		};
/* End PBXVariantGroup section */

/* Begin XCBuildConfiguration section */
		E9D79FD21F30F7EA004C99EC /* Debug */ = {
			isa = XCBuildConfiguration;
			buildSettings = {
				ALWAYS_SEARCH_USER_PATHS = NO;
				CLANG_ANALYZER_NONNULL = YES;
				CLANG_CXX_LANGUAGE_STANDARD = "gnu++0x";
				CLANG_CXX_LIBRARY = "libc++";
				CLANG_ENABLE_MODULES = YES;
				CLANG_ENABLE_OBJC_ARC = YES;
				CLANG_WARN_BOOL_CONVERSION = YES;
				CLANG_WARN_CONSTANT_CONVERSION = YES;
				CLANG_WARN_DIRECT_OBJC_ISA_USAGE = YES_ERROR;
				CLANG_WARN_DOCUMENTATION_COMMENTS = YES;
				CLANG_WARN_EMPTY_BODY = YES;
				CLANG_WARN_ENUM_CONVERSION = YES;
				CLANG_WARN_INFINITE_RECURSION = YES;
				CLANG_WARN_INT_CONVERSION = YES;
				CLANG_WARN_OBJC_ROOT_CLASS = YES_ERROR;
				CLANG_WARN_SUSPICIOUS_MOVES = YES;
				CLANG_WARN_UNREACHABLE_CODE = YES;
				CLANG_WARN__DUPLICATE_METHOD_MATCH = YES;
				"CODE_SIGN_IDENTITY[sdk=iphoneos*]" = "iPhone Developer";
				COPY_PHASE_STRIP = NO;
				DEBUG_INFORMATION_FORMAT = dwarf;
				ENABLE_STRICT_OBJC_MSGSEND = YES;
				ENABLE_TESTABILITY = YES;
				GCC_C_LANGUAGE_STANDARD = gnu99;
				GCC_DYNAMIC_NO_PIC = NO;
				GCC_NO_COMMON_BLOCKS = YES;
				GCC_OPTIMIZATION_LEVEL = 0;
				GCC_PREPROCESSOR_DEFINITIONS = (
					"DEBUG=1",
					"$(inherited)",
				);
				GCC_WARN_64_TO_32_BIT_CONVERSION = YES;
				GCC_WARN_ABOUT_RETURN_TYPE = YES_ERROR;
				GCC_WARN_UNDECLARED_SELECTOR = YES;
				GCC_WARN_UNINITIALIZED_AUTOS = YES_AGGRESSIVE;
				GCC_WARN_UNUSED_FUNCTION = YES;
				GCC_WARN_UNUSED_VARIABLE = YES;
				IPHONEOS_DEPLOYMENT_TARGET = 10.0;
				MTL_ENABLE_DEBUG_INFO = YES;
				ONLY_ACTIVE_ARCH = YES;
				SDKROOT = iphoneos;
				SWIFT_ACTIVE_COMPILATION_CONDITIONS = DEBUG;
				SWIFT_OPTIMIZATION_LEVEL = "-Onone";
			};
			name = Debug;
		};
		E9D79FD31F30F7EA004C99EC /* Release */ = {
			isa = XCBuildConfiguration;
			buildSettings = {
				ALWAYS_SEARCH_USER_PATHS = NO;
				CLANG_ANALYZER_NONNULL = YES;
				CLANG_CXX_LANGUAGE_STANDARD = "gnu++0x";
				CLANG_CXX_LIBRARY = "libc++";
				CLANG_ENABLE_MODULES = YES;
				CLANG_ENABLE_OBJC_ARC = YES;
				CLANG_WARN_BOOL_CONVERSION = YES;
				CLANG_WARN_CONSTANT_CONVERSION = YES;
				CLANG_WARN_DIRECT_OBJC_ISA_USAGE = YES_ERROR;
				CLANG_WARN_DOCUMENTATION_COMMENTS = YES;
				CLANG_WARN_EMPTY_BODY = YES;
				CLANG_WARN_ENUM_CONVERSION = YES;
				CLANG_WARN_INFINITE_RECURSION = YES;
				CLANG_WARN_INT_CONVERSION = YES;
				CLANG_WARN_OBJC_ROOT_CLASS = YES_ERROR;
				CLANG_WARN_SUSPICIOUS_MOVES = YES;
				CLANG_WARN_UNREACHABLE_CODE = YES;
				CLANG_WARN__DUPLICATE_METHOD_MATCH = YES;
				"CODE_SIGN_IDENTITY[sdk=iphoneos*]" = "iPhone Developer";
				COPY_PHASE_STRIP = NO;
				DEBUG_INFORMATION_FORMAT = "dwarf-with-dsym";
				ENABLE_NS_ASSERTIONS = NO;
				ENABLE_STRICT_OBJC_MSGSEND = YES;
				GCC_C_LANGUAGE_STANDARD = gnu99;
				GCC_NO_COMMON_BLOCKS = YES;
				GCC_WARN_64_TO_32_BIT_CONVERSION = YES;
				GCC_WARN_ABOUT_RETURN_TYPE = YES_ERROR;
				GCC_WARN_UNDECLARED_SELECTOR = YES;
				GCC_WARN_UNINITIALIZED_AUTOS = YES_AGGRESSIVE;
				GCC_WARN_UNUSED_FUNCTION = YES;
				GCC_WARN_UNUSED_VARIABLE = YES;
				IPHONEOS_DEPLOYMENT_TARGET = 10.0;
				MTL_ENABLE_DEBUG_INFO = NO;
				SDKROOT = iphoneos;
				SWIFT_OPTIMIZATION_LEVEL = "-Owholemodule";
				VALIDATE_PRODUCT = YES;
			};
			name = Release;
		};
		E9D79FD51F30F7EA004C99EC /* Debug */ = {
			isa = XCBuildConfiguration;
			baseConfigurationReference = 7FC957F3A426ABCDD47E30B6 /* Pods-sample.debug.xcconfig */;
			buildSettings = {
				ASSETCATALOG_COMPILER_APPICON_NAME = AppIcon;
				INFOPLIST_FILE = sample/Info.plist;
				LD_RUNPATH_SEARCH_PATHS = "$(inherited) @executable_path/Frameworks";
				PRODUCT_BUNDLE_IDENTIFIER = com.suvesh.practice.sample;
				PRODUCT_NAME = "$(TARGET_NAME)";
				SWIFT_VERSION = 3.0;
			};
			name = Debug;
		};
		E9D79FD61F30F7EA004C99EC /* Release */ = {
			isa = XCBuildConfiguration;
			baseConfigurationReference = EB29F35DC0A7E77AC0B2E5DC /* Pods-sample.release.xcconfig */;
			buildSettings = {
				ASSETCATALOG_COMPILER_APPICON_NAME = AppIcon;
				INFOPLIST_FILE = sample/Info.plist;
				LD_RUNPATH_SEARCH_PATHS = "$(inherited) @executable_path/Frameworks";
				PRODUCT_BUNDLE_IDENTIFIER = com.suvesh.practice.sample;
				PRODUCT_NAME = "$(TARGET_NAME)";
				SWIFT_VERSION = 3.0;
			};
			name = Release;
		};
/* End XCBuildConfiguration section */

/* Begin XCConfigurationList section */
		E9D79FBD1F30F7EA004C99EC /* Build configuration list for PBXProject "sample" */ = {
			isa = XCConfigurationList;
			buildConfigurations = (
				E9D79FD21F30F7EA004C99EC /* Debug */,
				E9D79FD31F30F7EA004C99EC /* Release */,
			);
			defaultConfigurationIsVisible = 0;
			defaultConfigurationName = Release;
		};
		E9D79FD41F30F7EA004C99EC /* Build configuration list for PBXNativeTarget "sample" */ = {
			isa = XCConfigurationList;
			buildConfigurations = (
				E9D79FD51F30F7EA004C99EC /* Debug */,
				E9D79FD61F30F7EA004C99EC /* Release */,
			);
			defaultConfigurationIsVisible = 0;
			defaultConfigurationName = Release;
		};
/* End XCConfigurationList section */
	};
	rootObject = E9D79FBA1F30F7EA004C99EC /* Project object */;
}
